lockfileVersion: '9.0'

settings:
  autoInstallPeers: true
  excludeLinksFromLockfile: false

importers:

  .:
    dependencies:
      '@next/font':
        specifier: 13.1.6
        version: 13.1.6
      '@types/node':
        specifier: 18.13.0
        version: 18.13.0
      '@types/react':
        specifier: 18.0.27
        version: 18.0.27
      '@types/react-dom':
        specifier: 18.0.10
        version: 18.0.10
      inngest:
        specifier: 3.11.1-pr-411.4
        version: 3.11.1-pr-411.4(typescript@4.9.5)
      next:
        specifier: 14.2.30
        version: 14.2.30(react-dom@18.2.0(react@18.2.0))(react@18.2.0)
      react:
        specifier: 18.2.0
        version: 18.2.0
      react-dom:
        specifier: 18.2.0
        version: 18.2.0(react@18.2.0)
      typescript:
        specifier: 4.9.5
        version: 4.9.5

packages:

  '@next/env@14.2.30':
    resolution: {integrity: sha512-KBiBKrDY6kxTQWGzKjQB7QirL3PiiOkV7KW98leHFjtVRKtft76Ra5qSA/SL75xT44dp6hOcqiiJ6iievLOYug==}

  '@next/font@13.1.6':
    resolution: {integrity: sha512-AITjmeb1RgX1HKMCiA39ztx2mxeAyxl4ljv2UoSBUGAbFFMg8MO7YAvjHCgFhD39hL7YTbFjol04e/BPBH5RzQ==}

  '@next/swc-darwin-arm64@14.2.30':
    resolution: {integrity: sha512-EAqfOTb3bTGh9+ewpO/jC59uACadRHM6TSA9DdxJB/6gxOpyV+zrbqeXiFTDy9uV6bmipFDkfpAskeaDcO+7/g==}
    engines: {node: '>= 10'}
    cpu: [arm64]
    os: [darwin]

  '@next/swc-darwin-x64@14.2.30':
    resolution: {integrity: sha512-TyO7Wz1IKE2kGv8dwQ0bmPL3s44EKVencOqwIY69myoS3rdpO1NPg5xPM5ymKu7nfX4oYJrpMxv8G9iqLsnL4A==}
    engines: {node: '>= 10'}
    cpu: [x64]
    os: [darwin]

  '@next/swc-linux-arm64-gnu@14.2.30':
    resolution: {integrity: sha512-I5lg1fgPJ7I5dk6mr3qCH1hJYKJu1FsfKSiTKoYwcuUf53HWTrEkwmMI0t5ojFKeA6Vu+SfT2zVy5NS0QLXV4Q==}
    engines: {node: '>= 10'}
    cpu: [arm64]
    os: [linux]
    libc: [glibc]

  '@next/swc-linux-arm64-musl@14.2.30':
    resolution: {integrity: sha512-8GkNA+sLclQyxgzCDs2/2GSwBc92QLMrmYAmoP2xehe5MUKBLB2cgo34Yu242L1siSkwQkiV4YLdCnjwc/Micw==}
    engines: {node: '>= 10'}
    cpu: [arm64]
    os: [linux]
    libc: [musl]

  '@next/swc-linux-x64-gnu@14.2.30':
    resolution: {integrity: sha512-8Ly7okjssLuBoe8qaRCcjGtcMsv79hwzn/63wNeIkzJVFVX06h5S737XNr7DZwlsbTBDOyI6qbL2BJB5n6TV/w==}
    engines: {node: '>= 10'}
    cpu: [x64]
    os: [linux]
    libc: [glibc]

  '@next/swc-linux-x64-musl@14.2.30':
    resolution: {integrity: sha512-dBmV1lLNeX4mR7uI7KNVHsGQU+OgTG5RGFPi3tBJpsKPvOPtg9poyav/BYWrB3GPQL4dW5YGGgalwZ79WukbKQ==}
    engines: {node: '>= 10'}
    cpu: [x64]
    os: [linux]
    libc: [musl]

  '@next/swc-win32-arm64-msvc@14.2.30':
    resolution: {integrity: sha512-6MMHi2Qc1Gkq+4YLXAgbYslE1f9zMGBikKMdmQRHXjkGPot1JY3n5/Qrbg40Uvbi8//wYnydPnyvNhI1DMUW1g==}
    engines: {node: '>= 10'}
    cpu: [arm64]
    os: [win32]

  '@next/swc-win32-ia32-msvc@14.2.30':
    resolution: {integrity: sha512-pVZMnFok5qEX4RT59mK2hEVtJX+XFfak+/rjHpyFh7juiT52r177bfFKhnlafm0UOSldhXjj32b+LZIOdswGTg==}
    engines: {node: '>= 10'}
    cpu: [ia32]
    os: [win32]

  '@next/swc-win32-x64-msvc@14.2.30':
    resolution: {integrity: sha512-4KCo8hMZXMjpTzs3HOqOGYYwAXymXIy7PEPAXNEcEOyKqkjiDlECumrWziy+JEF0Oi4ILHGxzgQ3YiMGG2t/Lg==}
    engines: {node: '>= 10'}
    cpu: [x64]
    os: [win32]

  '@swc/counter@0.1.3':
    resolution: {integrity: sha512-e2BR4lsJkkRlKZ/qCHPw9ZaSxc0MVUd7gtbtaB7aMvHeJVYe8sOB8DBZkP2DtISHGSku9sCK6T6cnY0CtXrOCQ==}

  '@swc/helpers@0.5.5':
    resolution: {integrity: sha512-KGYxvIOXcceOAbEk4bi/dVLEK9z8sZ0uBB3Il5b1rhfClSpcX0yfRO0KmTkqR2cnQDymwLB+25ZyMzICg/cm/A==}

  '@types/debug@4.1.12':
    resolution: {integrity: sha512-vIChWdVG3LG1SMxEvI/AK+FWJthlrqlTu7fbrlywTkkaONwk/UAGaULXRlf8vkzFBLVm0zkMdCquhL5aOjhXPQ==}

  '@types/ms@2.1.0':
    resolution: {integrity: sha512-GsCCIZDE/p3i96vtEqx+7dBUGXrc7zeSK3wwPHIaRThS+9OhWIXRqzs4d6k1SVU8g91DrNRWxWUGhp5KXQb2VA==}

  '@types/node@18.13.0':
    resolution: {integrity: sha512-gC3TazRzGoOnoKAhUx+Q0t8S9Tzs74z7m0ipwGpSqQrleP14hKxP4/JUeEQcD3W1/aIpnWl8pHowI7WokuZpXg==}

  '@types/prop-types@15.7.15':
    resolution: {integrity: sha512-F6bEyamV9jKGAFBEmlQnesRPGOQqS2+Uwi0Em15xenOxHaf2hv6L8YCVn3rPdPJOiJfPiCnLIRyvwVaqMY3MIw==}

  '@types/react-dom@18.0.10':
    resolution: {integrity: sha512-E42GW/JA4Qv15wQdqJq8DL4JhNpB3prJgjgapN3qJT9K2zO5IIAQh4VXvCEDupoqAwnz0cY4RlXeC/ajX5SFHg==}

  '@types/react@18.0.27':
    resolution: {integrity: sha512-3vtRKHgVxu3Jp9t718R9BuzoD4NcQ8YJ5XRzsSKxNDiDonD2MXIT1TmSkenxuCycZJoQT5d2vE8LwWJxBC1gmA==}

  '@types/scheduler@0.26.0':
    resolution: {integrity: sha512-WFHp9YUJQ6CKshqoC37iOlHnQSmxNc795UhB26CyBBttrN9svdIrUjl/NjnNmfcwtncN0h/0PPAFWv9ovP8mLA==}

  acorn@8.15.0:
    resolution: {integrity: sha512-NZyJarBfL7nWwIq+FDL6Zp/yHEhePMNnnJ0y3qfieCrmNvYct8uvtiV41UvlSe6apAfk0fY1FbWx+NwfmpvtTg==}
    engines: {node: '>=0.4.0'}
    hasBin: true

  ansi-regex@4.1.1:
    resolution: {integrity: sha512-ILlv4k/3f6vfQ4OoP2AGvirOktlQ98ZEL1k9FaQjxa3L1abBgbuTDAdPOpvbGncC0BTVQrl+OM8xZGK6tWXt7g==}
    engines: {node: '>=6'}

  ansi-styles@4.3.0:
    resolution: {integrity: sha512-zbB9rCJAT1rbjiVDb2hqKFHNYLxgtk8NURxZ3IZwD3F6NtxbXZQCnnSi1Lkx+IDohdPlFp222wVALIheZJQSEg==}
    engines: {node: '>=8'}

  busboy@1.6.0:
    resolution: {integrity: sha512-8SFQbg/0hQ9xy3UNTB0YEnsNBbWfhf7RtnzpL7TkBiTBRfrQ9Fxcnz7VJsleJpyp6rVLvXiuORqjlHi5q+PYuA==}
    engines: {node: '>=10.16.0'}

  caniuse-lite@1.0.30001749:
    resolution: {integrity: sha512-0rw2fJOmLfnzCRbkm8EyHL8SvI2Apu5UbnQuTsJ0ClgrH8hcwFooJ1s5R0EP8o8aVrFu8++ae29Kt9/gZAZp/Q==}

  canonicalize@1.0.8:
    resolution: {integrity: sha512-0CNTVCLZggSh7bc5VkX5WWPWO+cyZbNd07IHIsSXLia/eAq+r836hgk+8BKoEh7949Mda87VUOitx5OddVj64A==}

  chalk@4.1.2:
    resolution: {integrity: sha512-oKnbhFyRIXpUuez8iBMmyEa4nbj4IOQyuhc/wy9kY7/WVPcwIO9VA668Pu8RkO7+0G76SLROeyw9CpQ061i4mA==}
    engines: {node: '>=10'}

  client-only@0.0.1:
    resolution: {integrity: sha512-IV3Ou0jSMzZrd3pZ48nLkT9DA7Ag1pnPzaiQhpW7c3RbcqqzvzzVu+L8gfqMp/8IM2MQtSiqaCxrrcfu8I8rMA==}

  color-convert@2.0.1:
    resolution: {integrity: sha512-RRECPsj7iu/xb5oKYcsFHSppFNnsj/52OVTRKb4zP5onXwVF3zVmmToNcOfGC+CRDpfK/U584fMg38ZHCaElKQ==}
    engines: {node: '>=7.0.0'}

  color-name@1.1.4:
    resolution: {integrity: sha512-dOy+3AuW3a2wNbZHIuMZpTcgjGuLU/uBL/ubcZF9OXbDo8ff4O8yVp5Bf0efS8uEoYo5q4Fx7dY9OgQGXgAsQA==}

  cookie-es@1.2.2:
    resolution: {integrity: sha512-+W7VmiVINB+ywl1HGXJXmrqkOhpKrIiVZV6tQuV54ZyQC7MMuBt81Vc336GMLoHBq5hV/F9eXgt5Mnx0Rha5Fg==}

  cross-fetch@4.1.0:
    resolution: {integrity: sha512-uKm5PU+MHTootlWEY+mZ4vvXoCn4fLQxT9dSc1sXVMSFkINTJVN8cAQROpwcKm8bJ/c7rgZVIBWzH5T78sNZZw==}

  crossws@0.3.5:
    resolution: {integrity: sha512-ojKiDvcmByhwa8YYqbQI/hg7MEU0NC03+pSdEq4ZUnZR9xXpwk7E43SMNGkn+JxJGPFtNvQ48+vV2p+P1ml5PA==}

  csstype@3.1.3:
    resolution: {integrity: sha512-M1uQkMl8rQK/szD0LNhtqxIPLpimGm8sOBwU7lLnCpSbTyY3yeU1Vc7l4KT5zT4s/yOxHH5O7tIuuLOCnLADRw==}

  debug@4.4.3:
    resolution: {integrity: sha512-RGwwWnwQvkVfavKVt22FGLw+xYSdzARwm0ru6DhTVA3umU5hZc28V3kO4stgYryrTlLpuvgI9GiijltAjNbcqA==}
    engines: {node: '>=6.0'}
    peerDependencies:
      supports-color: '*'
    peerDependenciesMeta:
      supports-color:
        optional: true

  defu@6.1.4:
    resolution: {integrity: sha512-mEQCMmwJu317oSz8CwdIOdwf3xMif1ttiM8LTufzc3g6kR+9Pe236twL8j3IYT1F7GfRgGcW6MWxzZjLIkuHIg==}

  destr@2.0.5:
    resolution: {integrity: sha512-ugFTXCtDZunbzasqBxrK93Ik/DRYsO6S/fedkWEMKqt04xZ4csmnmwGDBAb07QWNaGMAmnTIemsYZCksjATwsA==}

  graceful-fs@4.2.11:
    resolution: {integrity: sha512-RbJ5/jmFcNNCcDV5o9eTnBLJ/HszWV0P73bc+Ff4nS/rJj+YaS6IGyiOL0VoBYX+l1Wrl3k63h/KrH+nhJ0XvQ==}

  h3@1.15.4:
    resolution: {integrity: sha512-z5cFQWDffyOe4vQ9xIqNfCZdV4p//vy6fBnr8Q1AWnVZ0teurKMG66rLj++TKwKPUP3u7iMUvrvKaEUiQw2QWQ==}

  has-flag@4.0.0:
    resolution: {integrity: sha512-EykJT/Q1KjTWctppgIAgfSO0tKVuZUjhgMr17kqTumMl6Afv3EISleU7qZUzoXDFTAHTDC4NOoG/ZxU3EvlMPQ==}
    engines: {node: '>=8'}

  hash.js@1.1.7:
    resolution: {integrity: sha512-taOaskGt4z4SOANNseOviYDvjEJinIkRgmp7LbKP2YTTmVxWBl87s/uzK9r+44BclBSp2X7K1hqeNfz9JbBeXA==}

  inherits@2.0.4:
    resolution: {integrity: sha512-k/vGaX4/Yla3WzyMCvTQOXYeIHvqOKtnqBduzTHpzpQZzAskKMhZ2K+EnBiSM9zGSoIFeMpXKxa4dYeZIQqewQ==}

  inngest@3.11.1-pr-411.4:
    resolution: {integrity: sha512-RZWj1kmfp+Y/F6uUVaCBXZwGrdTy+RjZjPgksT8HirsBmmQG1NK5zZjd1cueugjjHB6C8pr9PkvTtAj3YTrHEg==}
    engines: {node: '>=14'}
    peerDependencies:
      typescript: '>=4.7.2'

  iron-webcrypto@1.2.1:
    resolution: {integrity: sha512-feOM6FaSr6rEABp/eDfVseKyTMDt+KGpeB35SkVn9Tyn0CqvVsY3EwI0v5i8nMHyJnzCIQf7nsy3p41TPkJZhg==}

  is-buffer@2.0.5:
    resolution: {integrity: sha512-i2R6zNFDwgEHJyQUtJEk0XFi1i0dPFn/oqjK3/vPCcDeJvW5NQ83V8QbicfF1SupOaB0h8ntgBC2YiE7dfyctQ==}
    engines: {node: '>=4'}

  js-tokens@4.0.0:
    resolution: {integrity: sha512-RdJUflcE3cUzKiMqQgsCu06FPu9UdIJO0beYbPhHN4k6apgJtifcoCtT9bcxOpYBtpD2kCM6Sbzg4CausW/PKQ==}

  json-stringify-safe@5.0.1:
    resolution: {integrity: sha512-ZClg6AaYvamvYEE82d3Iyd3vSSIjQ+odgjaTzRuO3s7toCdFKczob2i0zCh7JE8kWn17yvAWhUVxvqGwUalsRA==}

  loose-envify@1.4.0:
    resolution: {integrity: sha512-lyuxPGr/Wfhrlem2CL/UcnUc1zcqKAImBDzukY7Y5F/yQiNdko6+fRLevlw1HgMySw7f611UIY408EtxRSoK3Q==}
    hasBin: true

  minimalistic-assert@1.0.1:
    resolution: {integrity: sha512-UtJcAD4yEaGtjPezWuO9wC4nwUnVH/8/Im3yEHQP4b67cXlD/Qr9hdITCU1xDbSEXg2XKNaP8jsReV7vQd00/A==}

  ms@2.1.3:
    resolution: {integrity: sha512-6FlzubTLZG3J2a/NVCAleEhjzq5oxgHyaCU9yYXvcLsvoVaHJq/s5xXI6/XXP6tz7R9xAOtHnSO/tXtF3WRTlA==}

  nanoid@3.3.11:
    resolution: {integrity: sha512-N8SpfPUnUp1bK+PMYW8qSWdl9U+wwNWI4QKxOYDy9JAro3WMX7p2OeVRF9v+347pnakNevPmiHhNmZ2HbFA76w==}
    engines: {node: ^10 || ^12 || ^13.7 || ^14 || >=15.0.1}
    hasBin: true

  next@14.2.30:
    resolution: {integrity: sha512-+COdu6HQrHHFQ1S/8BBsCag61jZacmvbuL2avHvQFbWa2Ox7bE+d8FyNgxRLjXQ5wtPyQwEmk85js/AuaG2Sbg==}
    engines: {node: '>=18.17.0'}
    hasBin: true
    peerDependencies:
      '@opentelemetry/api': ^1.1.0
      '@playwright/test': ^1.41.2
      react: ^18.2.0
      react-dom: ^18.2.0
      sass: ^1.3.0
    peerDependenciesMeta:
      '@opentelemetry/api':
        optional: true
      '@playwright/test':
        optional: true
      sass:
        optional: true

  node-fetch@2.7.0:
    resolution: {integrity: sha512-c4FRfUm/dbcWZ7U+1Wq0AwCyFL+3nt2bEw05wfxSz+DWpWsitgmSgYmy2dQdWyKC1694ELPqMs/YzUSNozLt8A==}
    engines: {node: 4.x || >=6.0.0}
    peerDependencies:
      encoding: ^0.1.0
    peerDependenciesMeta:
      encoding:
        optional: true

  node-mock-http@1.0.3:
    resolution: {integrity: sha512-jN8dK25fsfnMrVsEhluUTPkBFY+6ybu7jSB1n+ri/vOGjJxU8J9CZhpSGkHXSkFjtUhbmoncG/YG9ta5Ludqog==}

  picocolors@1.1.1:
    resolution: {integrity: sha512-xceH2snhtb5M9liqDsmEw56le376mTZkEX/jEb/RxNFyegNul7eNslCXP9FDj/Lcu0X8KEyMceP2ntpaHrDEVA==}

  postcss@8.4.31:
    resolution: {integrity: sha512-PS08Iboia9mts/2ygV3eLpY5ghnUcfLV/EXTOW1E2qYxJKGGBUtNjN76FYHnMs36RmARn41bC0AZmn+rR0OVpQ==}
    engines: {node: ^10 || ^12 || >=14}

  radix3@1.1.2:
    resolution: {integrity: sha512-b484I/7b8rDEdSDKckSSBA8knMpcdsXudlE/LNL639wFoHKwLbEkQFZHWEYwDC0wa0FKUcCY+GAF73Z7wxNVFA==}

  react-dom@18.2.0:
    resolution: {integrity: sha512-6IMTriUmvsjHUjNtEDudZfuDQUoWXVxKHhlEGSk81n4YFS+r/Kl99wXiwlVXtPBtJenozv2P+hxDsw9eA7Xo6g==}
    peerDependencies:
      react: ^18.2.0

  react@18.2.0:
    resolution: {integrity: sha512-/3IjMdb2L9QbBdWiW5e3P2/npwMBaU9mHCSCUzNln0ZCYbcfTsGbTJrU/kGemdH2IWmB2ioZ+zkxtmq6g09fGQ==}
    engines: {node: '>=0.10.0'}

  scheduler@0.23.2:
    resolution: {integrity: sha512-UOShsPwz7NrMUqhR6t0hWjFduvOzbtv7toDH1/hIrfRNIDBnnBWd0CwJTGvTpngVlmwGCdP9/Zl/tVrDqcuYzQ==}

  serialize-error-cjs@0.1.4:
    resolution: {integrity: sha512-6a6dNqipzbCPlTFgztfNP2oG+IGcflMe/01zSzGrQcxGMKbIjOemBBD85pH92klWaJavAUWxAh9Z0aU28zxW6A==}
    deprecated: Rolling release, please update to 0.2.0

  source-map-js@1.2.1:
    resolution: {integrity: sha512-UXWMKhLOwVKb728IUtQPXxfYU+usdybtUrK/8uGE8CQMvrhOpwvzDBwj0QhSL7MQc7vIsISBG8VQ8+IDQxpfQA==}
    engines: {node: '>=0.10.0'}

  streamsearch@1.1.0:
    resolution: {integrity: sha512-Mcc5wHehp9aXz1ax6bZUyY5afg9u2rv5cqQI3mRrYkGC8rW2hM02jWuwjtL++LS5qinSyhj2QfLyNsuc+VsExg==}
    engines: {node: '>=10.0.0'}

  strip-ansi@5.2.0:
    resolution: {integrity: sha512-DuRs1gKbBqsMKIZlrffwlug8MHkcnpjs5VPmL1PAh+mA30U0DTotfDZ0d2UUsXpPmPmMMJ6W773MaA3J+lbiWA==}
    engines: {node: '>=6'}

  styled-jsx@5.1.1:
    resolution: {integrity: sha512-pW7uC1l4mBZ8ugbiZrcIsiIvVx1UmTfw7UkC3Um2tmfUq9Bhk8IiyEIPl6F8agHgjzku6j0xQEZbfA5uSgSaCw==}
    engines: {node: '>= 12.0.0'}
    peerDependencies:
      '@babel/core': '*'
      babel-plugin-macros: '*'
      react: '>= 16.8.0 || 17.x.x || ^18.0.0-0'
    peerDependenciesMeta:
      '@babel/core':
        optional: true
      babel-plugin-macros:
        optional: true

  supports-color@7.2.0:
    resolution: {integrity: sha512-qpCAvRl9stuOHveKsn7HncJRvv501qIacKzQlO/+Lwxc9+0q2wLyv4Dfvt80/DPn2pqOBsJdDiogXGR9+OvwRw==}
    engines: {node: '>=8'}

  tersify@3.12.1:
    resolution: {integrity: sha512-VwzXGHZSOB4T27s4uvh9v8FYrNXyfVz0nBQi28TDwrZoQwT8ZJUp1W2Ff73ekN07stJSb0D+pr6iXeNeFqTI6Q==}

  tr46@0.0.3:
    resolution: {integrity: sha512-N3WMsuqV66lT30CrXNbEjx4GEwlow3v6rr4mCcv6prnfwhS01rkgyFdjPNBYd9br7LpXV1+Emh01fHnq2Gdgrw==}

  tslib@2.8.1:
    resolution: {integrity: sha512-oJFu94HQb+KVduSUQL7wnpmqnfmLsOA/nAh6b6EH0wCEoK0/mPeXU6c3wKDV83MkOuHPRHtSXKKU99IBazS/2w==}

  type-fest@3.13.1:
    resolution: {integrity: sha512-tLq3bSNx+xSpwvAJnzrK0Ep5CLNWjvFTOp71URMaAEWBfRb9nnJiBoUe0tF8bI4ZFO3omgBR6NvnbzVUT3Ly4g==}
    engines: {node: '>=14.16'}

  type-plus@5.6.0:
    resolution: {integrity: sha512-LAIvZzs6mKXYHzwRfGeOuWKsE5jHndwWlLheulMl6eWDSGa1bfZCd0aLQSMgP3HZTbazx/P2UumCqtOz5AMctA==}

  typescript@4.9.5:
    resolution: {integrity: sha512-1FXk9E2Hm+QzZQ7z+McJiHL4NW1F2EzMu9Nq9i3zAaGqibafqYwCVU6WyWAuyQRRzOlxou8xZSyXLEN8oKj24g==}
    engines: {node: '>=4.2.0'}
    hasBin: true

  ufo@1.6.1:
    resolution: {integrity: sha512-9a4/uxlTWJ4+a5i0ooc1rU7C7YOw3wT+UGqdeNNHWnOF9qcMBgLRS+4IYUqbczewFx4mLEig6gawh7X6mFlEkA==}

  uncrypto@0.1.3:
    resolution: {integrity: sha512-Ql87qFHB3s/De2ClA9e0gsnS6zXG27SkTiSJwjCc9MebbfapQfuPzumMIUMi38ezPZVNFcHI9sUIepeQfw8J8Q==}

  unpartial@1.0.5:
    resolution: {integrity: sha512-yAqaXcachjgZUnM2yIkf+4KJhmyuoj7stBvlnlZpB15OYVbKnLhgJfmLW7qkpzLHCdsm1bEFvhyN9hCmlZ3uuw==}
    engines: {node: '>=6'}

  webidl-conversions@3.0.1:
    resolution: {integrity: sha512-2JAn3z8AR6rjK8Sm8orRC0h/bcl/DqL7tRPdGZ4I1CjdF+EaMLmYxBHyXuKL849eucPFhvBoxMsflfOb8kxaeQ==}

  whatwg-url@5.0.0:
    resolution: {integrity: sha512-saE57nupxk6v3HY35+jzBwYa0rKSy0XR8JSxZPwgLr7ys0IBzhGviA1/TUGJLmSVqs8pb9AnvICXEuOHLprYTw==}

  zod@3.22.5:
    resolution: {integrity: sha512-HqnGsCdVZ2xc0qWPLdO25WnseXThh0kEYKIdV5F/hTHO75hNZFp8thxSeHhiPrHZKrFTo1SOgkAj9po5bexZlw==}

snapshots:

  '@next/env@14.2.30': {}

  '@next/font@13.1.6': {}

  '@next/swc-darwin-arm64@14.2.30':
    optional: true

  '@next/swc-darwin-x64@14.2.30':
    optional: true

  '@next/swc-linux-arm64-gnu@14.2.30':
    optional: true

  '@next/swc-linux-arm64-musl@14.2.30':
    optional: true

  '@next/swc-linux-x64-gnu@14.2.30':
    optional: true

  '@next/swc-linux-x64-musl@14.2.30':
    optional: true

  '@next/swc-win32-arm64-msvc@14.2.30':
    optional: true

  '@next/swc-win32-ia32-msvc@14.2.30':
    optional: true

  '@next/swc-win32-x64-msvc@14.2.30':
    optional: true

  '@swc/counter@0.1.3': {}

  '@swc/helpers@0.5.5':
    dependencies:
      '@swc/counter': 0.1.3
      tslib: 2.8.1

  '@types/debug@4.1.12':
    dependencies:
      '@types/ms': 2.1.0

  '@types/ms@2.1.0': {}

  '@types/node@18.13.0': {}

  '@types/prop-types@15.7.15': {}

  '@types/react-dom@18.0.10':
    dependencies:
      '@types/react': 18.0.27

  '@types/react@18.0.27':
    dependencies:
      '@types/prop-types': 15.7.15
      '@types/scheduler': 0.26.0
      csstype: 3.1.3

  '@types/scheduler@0.26.0': {}

  acorn@8.15.0: {}

  ansi-regex@4.1.1: {}

  ansi-styles@4.3.0:
    dependencies:
      color-convert: 2.0.1

  busboy@1.6.0:
    dependencies:
      streamsearch: 1.1.0

  caniuse-lite@1.0.30001749: {}

  canonicalize@1.0.8: {}

  chalk@4.1.2:
    dependencies:
      ansi-styles: 4.3.0
      supports-color: 7.2.0

  client-only@0.0.1: {}

  color-convert@2.0.1:
    dependencies:
      color-name: 1.1.4

  color-name@1.1.4: {}

  cookie-es@1.2.2: {}

  cross-fetch@4.1.0:
    dependencies:
      node-fetch: 2.7.0
    transitivePeerDependencies:
      - encoding

  crossws@0.3.5:
    dependencies:
      uncrypto: 0.1.3

  csstype@3.1.3: {}

  debug@4.4.3:
    dependencies:
      ms: 2.1.3

  defu@6.1.4: {}

  destr@2.0.5: {}

  graceful-fs@4.2.11: {}

  h3@1.15.4:
    dependencies:
      cookie-es: 1.2.2
      crossws: 0.3.5
      defu: 6.1.4
      destr: 2.0.5
      iron-webcrypto: 1.2.1
      node-mock-http: 1.0.3
      radix3: 1.1.2
      ufo: 1.6.1
      uncrypto: 0.1.3

  has-flag@4.0.0: {}

  hash.js@1.1.7:
    dependencies:
      inherits: 2.0.4
      minimalistic-assert: 1.0.1

  inherits@2.0.4: {}

  inngest@3.11.1-pr-411.4(typescript@4.9.5):
    dependencies:
      '@types/debug': 4.1.12
      canonicalize: 1.0.8
      chalk: 4.1.2
      cross-fetch: 4.1.0
      debug: 4.4.3
      h3: 1.15.4
      hash.js: 1.1.7
      json-stringify-safe: 5.0.1
      ms: 2.1.3
      serialize-error-cjs: 0.1.4
      strip-ansi: 5.2.0
      type-fest: 3.13.1
      type-plus: 5.6.0
      typescript: 4.9.5
      zod: 3.22.5
    transitivePeerDependencies:
      - encoding
      - supports-color

  iron-webcrypto@1.2.1: {}

  is-buffer@2.0.5: {}

  js-tokens@4.0.0: {}

  json-stringify-safe@5.0.1: {}

  loose-envify@1.4.0:
    dependencies:
      js-tokens: 4.0.0

  minimalistic-assert@1.0.1: {}

  ms@2.1.3: {}

  nanoid@3.3.11: {}

  next@14.2.30(react-dom@18.2.0(react@18.2.0))(react@18.2.0):
    dependencies:
      '@next/env': 14.2.30
      '@swc/helpers': 0.5.5
      busboy: 1.6.0
      caniuse-lite: 1.0.30001749
      graceful-fs: 4.2.11
      postcss: 8.4.31
      react: 18.2.0
      react-dom: 18.2.0(react@18.2.0)
      styled-jsx: 5.1.1(react@18.2.0)
    optionalDependencies:
      '@next/swc-darwin-arm64': 14.2.30
      '@next/swc-darwin-x64': 14.2.30
      '@next/swc-linux-arm64-gnu': 14.2.30
      '@next/swc-linux-arm64-musl': 14.2.30
      '@next/swc-linux-x64-gnu': 14.2.30
      '@next/swc-linux-x64-musl': 14.2.30
      '@next/swc-win32-arm64-msvc': 14.2.30
      '@next/swc-win32-ia32-msvc': 14.2.30
      '@next/swc-win32-x64-msvc': 14.2.30
    transitivePeerDependencies:
      - '@babel/core'
      - babel-plugin-macros

  node-fetch@2.7.0:
    dependencies:
      whatwg-url: 5.0.0

  node-mock-http@1.0.3: {}

  picocolors@1.1.1: {}

  postcss@8.4.31:
    dependencies:
      nanoid: 3.3.11
      picocolors: 1.1.1
      source-map-js: 1.2.1

  radix3@1.1.2: {}

  react-dom@18.2.0(react@18.2.0):
    dependencies:
      loose-envify: 1.4.0
      react: 18.2.0
      scheduler: 0.23.2

  react@18.2.0:
    dependencies:
      loose-envify: 1.4.0

  scheduler@0.23.2:
    dependencies:
      loose-envify: 1.4.0

  serialize-error-cjs@0.1.4: {}

  source-map-js@1.2.1: {}

  streamsearch@1.1.0: {}

  strip-ansi@5.2.0:
    dependencies:
      ansi-regex: 4.1.1

  styled-jsx@5.1.1(react@18.2.0):
    dependencies:
      client-only: 0.0.1
      react: 18.2.0

  supports-color@7.2.0:
    dependencies:
      has-flag: 4.0.0

  tersify@3.12.1:
    dependencies:
      acorn: 8.15.0
      is-buffer: 2.0.5
      unpartial: 1.0.5

  tr46@0.0.3: {}

  tslib@2.8.1: {}

  type-fest@3.13.1: {}

  type-plus@5.6.0:
    dependencies:
      tersify: 3.12.1
      unpartial: 1.0.5

  typescript@4.9.5: {}

  ufo@1.6.1: {}

  uncrypto@0.1.3: {}

  unpartial@1.0.5: {}

  webidl-conversions@3.0.1: {}

  whatwg-url@5.0.0:
    dependencies:
      tr46: 0.0.3
      webidl-conversions: 3.0.1

  zod@3.22.5: {}
